
Microsoft Visual Studio Solution File, Format Version 12.00
# Visual Studio 14
VisualStudioVersion = 14.0.25420.1
MinimumVisualStudioVersion = 10.0.40219.1
Project("{FAE04EC0-301F-11D3-BF4B-00C04F79EFBC}") = "1task", "12lab\1task.csproj", "{9628F584-8F44-45EE-9A5E-A2776D8B1CE4}"
EndProject
Project("{FAE04EC0-301F-11D3-BF4B-00C04F79EFBC}") = "2task", "2task\2task.csproj", "{21C4C27C-BEE5-47AF-96DA-8C7D9CAE118A}"
EndProject
Project("{FAE04EC0-301F-11D3-BF4B-00C04F79EFBC}") = "3task", "3task\3task.csproj", "{1C7454BA-AF3B-43D3-BBE4-F824A746DAA7}"
EndProject
Global
	GlobalSection(SolutionConfigurationPlatforms) = preSolution
		Debug|Any CPU = Debug|Any CPU
		Release|Any CPU = Release|Any CPU
	EndGlobalSection
	GlobalSection(ProjectConfigurationPlatforms) = postSolution
		{9628F584-8F44-45EE-9A5E-A2776D8B1CE4}.Debug|Any CPU.ActiveCfg = Debug|Any CPU
		{9628F584-8F44-45EE-9A5E-A2776D8B1CE4}.Debug|Any CPU.Build.0 = Debug|Any CPU
		{9628F584-8F44-45EE-9A5E-A2776D8B1CE4}.Release|Any CPU.ActiveCfg = Release|Any CPU
		{9628F584-8F44-45EE-9A5E-A2776D8B1CE4}.Release|Any CPU.Build.0 = Release|Any CPU
		{21C4C27C-BEE5-47AF-96DA-8C7D9CAE118A}.Debug|Any CPU.ActiveCfg = Debug|Any CPU
		{21C4C27C-BEE5-47AF-96DA-8C7D9CAE118A}.Debug|Any CPU.Build.0 = Debug|Any CPU
		{21C4C27C-BEE5-47AF-96DA-8C7D9CAE118A}.Release|Any CPU.ActiveCfg = Release|Any CPU
		{21C4C27C-BEE5-47AF-96DA-8C7D9CAE118A}.Release|Any CPU.Build.0 = Release|Any CPU
		{1C7454BA-AF3B-43D3-BBE4-F824A746DAA7}.Debug|Any CPU.ActiveCfg = Debug|Any CPU
		{1C7454BA-AF3B-43D3-BBE4-F824A746DAA7}.Debug|Any CPU.Build.0 = Debug|Any CPU
		{1C7454BA-AF3B-43D3-BBE4-F824A746DAA7}.Release|Any CPU.ActiveCfg = Release|Any CPU
		{1C7454BA-AF3B-43D3-BBE4-F824A746DAA7}.Release|Any CPU.Build.0 = Release|Any CPU
	EndGlobalSection
	GlobalSection(SolutionProperties) = preSolution
		HideSolutionNode = FALSE
	EndGlobalSection
EndGlobal
